
Microsoft Visual Studio Solution File, Format Version 12.00
# Visual Studio Version 17
VisualStudioVersion = 17.8.34511.84
MinimumVisualStudioVersion = 10.0.40219.1
Project("{FAE04EC0-301F-11D3-BF4B-00C04F79EFBC}") = "ConsoleApp4", "ConsoleApp4\ConsoleApp4.csproj", "{AEAAF29A-3BEC-4DCB-9560-16DC16F35A8A}"
EndProject
Global
	GlobalSection(SolutionConfigurationPlatforms) = preSolution
		Debug|Any CPU = Debug|Any CPU
		Release|Any CPU = Release|Any CPU
	EndGlobalSection
	GlobalSection(ProjectConfigurationPlatforms) = postSolution
		{AEAAF29A-3BEC-4DCB-9560-16DC16F35A8A}.Debug|Any CPU.ActiveCfg = Debug|Any CPU
		{AEAAF29A-3BEC-4DCB-9560-16DC16F35A8A}.Debug|Any CPU.Build.0 = Debug|Any CPU
		{AEAAF29A-3BEC-4DCB-9560-16DC16F35A8A}.Release|Any CPU.ActiveCfg = Release|Any CPU
		{AEAAF29A-3BEC-4DCB-9560-16DC16F35A8A}.Release|Any CPU.Build.0 = Release|Any CPU
	EndGlobalSection
	GlobalSection(SolutionProperties) = preSolution
		HideSolutionNode = FALSE
	EndGlobalSection
	GlobalSection(ExtensibilityGlobals) = postSolution
		SolutionGuid = {F8EFF128-CD95-4E6B-A472-B95BB8C0E315}
	EndGlobalSection
EndGlobal
